// !$*UTF8*$!
{
	archiveVersion = 1;
	classes = {
	};
	objectVersion = 56;
	objects = {

/* Begin PBXBuildFile section */
		D88A40B6295F42EE00AC15E1 /* MEDLIFEApp.swift in Sources */ = {isa = PBXBuildFile; fileRef = D88A40B5295F42EE00AC15E1 /* MEDLIFEApp.swift */; };
		D88A40B8295F42EE00AC15E1 /* ContentView.swift in Sources */ = {isa = PBXBuildFile; fileRef = D88A40B7295F42EE00AC15E1 /* ContentView.swift */; };
		D88A40BA295F42EF00AC15E1 /* Assets.xcassets in Resources */ = {isa = PBXBuildFile; fileRef = D88A40B9295F42EF00AC15E1 /* Assets.xcassets */; };
		D88A40BD295F42EF00AC15E1 /* Preview Assets.xcassets in Resources */ = {isa = PBXBuildFile; fileRef = D88A40BC295F42EF00AC15E1 /* Preview Assets.xcassets */; };
		D88A40C7295F42EF00AC15E1 /* MEDLIFETests.swift in Sources */ = {isa = PBXBuildFile; fileRef = D88A40C6295F42EF00AC15E1 /* MEDLIFETests.swift */; };
		D88A40D1295F42F000AC15E1 /* MEDLIFEUITests.swift in Sources */ = {isa = PBXBuildFile; fileRef = D88A40D0295F42F000AC15E1 /* MEDLIFEUITests.swift */; };
		D88A40D3295F42F000AC15E1 /* MEDLIFEUITestsLaunchTests.swift in Sources */ = {isa = PBXBuildFile; fileRef = D88A40D2295F42F000AC15E1 /* MEDLIFEUITestsLaunchTests.swift */; };
/* End PBXBuildFile section */

/* Begin PBXContainerItemProxy section */
		D88A40C3295F42EF00AC15E1 /* PBXContainerItemProxy */ = {
			isa = PBXContainerItemProxy;
			containerPortal = D88A40AA295F42EE00AC15E1 /* Project object */;
			proxyType = 1;
			remoteGlobalIDString = D88A40B1295F42EE00AC15E1;
			remoteInfo = MEDLIFE;
		};
		D88A40CD295F42F000AC15E1 /* PBXContainerItemProxy */ = {
			isa = PBXContainerItemProxy;
			containerPortal = D88A40AA295F42EE00AC15E1 /* Project object */;
			proxyType = 1;
			remoteGlobalIDString = D88A40B1295F42EE00AC15E1;
			remoteInfo = MEDLIFE;
		};
/* End PBXContainerItemProxy section */

/* Begin PBXFileReference section */
		D88A40B2295F42EE00AC15E1 /* MEDLIFE.app */ = {isa = PBXFileReference; explicitFileType = wrapper.application; includeInIndex = 0; path = MEDLIFE.app; sourceTree = BUILT_PRODUCTS_DIR; };
		D88A40B5295F42EE00AC15E1 /* MEDLIFEApp.swift */ = {isa = PBXFileReference; lastKnownFileType = sourcecode.swift; path = MEDLIFEApp.swift; sourceTree = "<group>"; };
		D88A40B7295F42EE00AC15E1 /* ContentView.swift */ = {isa = PBXFileReference; lastKnownFileType = sourcecode.swift; path = ContentView.swift; sourceTree = "<group>"; };
		D88A40B9295F42EF00AC15E1 /* Assets.xcassets */ = {isa = PBXFileReference; lastKnownFileType = folder.assetcatalog; path = Assets.xcassets; sourceTree = "<group>"; };
		D88A40BC295F42EF00AC15E1 /* Preview Assets.xcassets */ = {isa = PBXFileReference; lastKnownFileType = folder.assetcatalog; path = "Preview Assets.xcassets"; sourceTree = "<group>"; };
		D88A40C2295F42EF00AC15E1 /* MEDLIFETests.xctest */ = {isa = PBXFileReference; explicitFileType = wrapper.cfbundle; includeInIndex = 0; path = MEDLIFETests.xctest; sourceTree = BUILT_PRODUCTS_DIR; };
		D88A40C6295F42EF00AC15E1 /* MEDLIFETests.swift */ = {isa = PBXFileReference; lastKnownFileType = sourcecode.swift; path = MEDLIFETests.swift; sourceTree = "<group>"; };
		D88A40CC295F42F000AC15E1 /* MEDLIFEUITests.xctest */ = {isa = PBXFileReference; explicitFileType = wrapper.cfbundle; includeInIndex = 0; path = MEDLIFEUITests.xctest; sourceTree = BUILT_PRODUCTS_DIR; };
		D88A40D0295F42F000AC15E1 /* MEDLIFEUITests.swift */ = {isa = PBXFileReference; lastKnownFileType = sourcecode.swift; path = MEDLIFEUITests.swift; sourceTree = "<group>"; };
		D88A40D2295F42F000AC15E1 /* MEDLIFEUITestsLaunchTests.swift */ = {isa = PBXFileReference; lastKnownFileType = sourcecode.swift; path = MEDLIFEUITestsLaunchTests.swift; sourceTree = "<group>"; };
/* End PBXFileReference section */

/* Begin PBXFrameworksBuildPhase section */
		D88A40AF295F42EE00AC15E1 /* Frameworks */ = {
			isa = PBXFrameworksBuildPhase;
			buildActionMask = 2147483647;
			files = (
			);
			runOnlyForDeploymentPostprocessing = 0;
		};
		D88A40BF295F42EF00AC15E1 /* Frameworks */ = {
			isa = PBXFrameworksBuildPhase;
			buildActionMask = 2147483647;
			files = (
			);
			runOnlyForDeploymentPostprocessing = 0;
		};
		D88A40C9295F42F000AC15E1 /* Frameworks */ = {
			isa = PBXFrameworksBuildPhase;
			buildActionMask = 2147483647;
			files = (
			);
			runOnlyForDeploymentPostprocessing = 0;
		};
/* End PBXFrameworksBuildPhase section */

/* Begin PBXGroup section */
		D88A40A9295F42EE00AC15E1 = {
			isa = PBXGroup;
			children = (
				D88A40B4295F42EE00AC15E1 /* MEDLIFE */,
				D88A40C5295F42EF00AC15E1 /* MEDLIFETests */,
				D88A40CF295F42F000AC15E1 /* MEDLIFEUITests */,
				D88A40B3295F42EE00AC15E1 /* Products */,
			);
			sourceTree = "<group>";
		};
		D88A40B3295F42EE00AC15E1 /* Products */ = {
			isa = PBXGroup;
			children = (
				D88A40B2295F42EE00AC15E1 /* MEDLIFE.app */,
				D88A40C2295F42EF00AC15E1 /* MEDLIFETests.xctest */,
				D88A40CC295F42F000AC15E1 /* MEDLIFEUITests.xctest */,
			);
			name = Products;
			sourceTree = "<group>";
		};
		D88A40B4295F42EE00AC15E1 /* MEDLIFE */ = {
			isa = PBXGroup;
			children = (
				D88A40B5295F42EE00AC15E1 /* MEDLIFEApp.swift */,
				D88A40B7295F42EE00AC15E1 /* ContentView.swift */,
				D88A40B9295F42EF00AC15E1 /* Assets.xcassets */,
				D88A40BB295F42EF00AC15E1 /* Preview Content */,
			);
			path = MEDLIFE;
			sourceTree = "<group>";
		};
		D88A40BB295F42EF00AC15E1 /* Preview Content */ = {
			isa = PBXGroup;
			children = (
				D88A40BC295F42EF00AC15E1 /* Preview Assets.xcassets */,
			);
			path = "Preview Content";
			sourceTree = "<group>";
		};
		D88A40C5295F42EF00AC15E1 /* MEDLIFETests */ = {
			isa = PBXGroup;
			children = (
				D88A40C6295F42EF00AC15E1 /* MEDLIFETests.swift */,
			);
			path = MEDLIFETests;
			sourceTree = "<group>";
		};
		D88A40CF295F42F000AC15E1 /* MEDLIFEUITests */ = {
			isa = PBXGroup;
			children = (
				D88A40D0295F42F000AC15E1 /* MEDLIFEUITests.swift */,
				D88A40D2295F42F000AC15E1 /* MEDLIFEUITestsLaunchTests.swift */,
			);
			path = MEDLIFEUITests;
			sourceTree = "<group>";
		};
/* End PBXGroup section */

/* Begin PBXNativeTarget section */
		D88A40B1295F42EE00AC15E1 /* MEDLIFE */ = {
			isa = PBXNativeTarget;
			buildConfigurationList = D88A40D6295F42F000AC15E1 /* Build configuration list for PBXNativeTarget "MEDLIFE" */;
			buildPhases = (
				D88A40AE295F42EE00AC15E1 /* Sources */,
				D88A40AF295F42EE00AC15E1 /* Frameworks */,
				D88A40B0295F42EE00AC15E1 /* Resources */,
			);
			buildRules = (
			);
			dependencies = (
			);
			name = MEDLIFE;
			productName = MEDLIFE;
			productReference = D88A40B2295F42EE00AC15E1 /* MEDLIFE.app */;
			productType = "com.apple.product-type.application";
		};
		D88A40C1295F42EF00AC15E1 /* MEDLIFETests */ = {
			isa = PBXNativeTarget;
			buildConfigurationList = D88A40D9295F42F000AC15E1 /* Build configuration list for PBXNativeTarget "MEDLIFETests" */;
			buildPhases = (
				D88A40BE295F42EF00AC15E1 /* Sources */,
				D88A40BF295F42EF00AC15E1 /* Frameworks */,
				D88A40C0295F42EF00AC15E1 /* Resources */,
			);
			buildRules = (
			);
			dependencies = (
				D88A40C4295F42EF00AC15E1 /* PBXTargetDependency */,
			);
			name = MEDLIFETests;
			productName = MEDLIFETests;
			productReference = D88A40C2295F42EF00AC15E1 /* MEDLIFETests.xctest */;
			productType = "com.apple.product-type.bundle.unit-test";
		};
		D88A40CB295F42F000AC15E1 /* MEDLIFEUITests */ = {
			isa = PBXNativeTarget;
			buildConfigurationList = D88A40DC295F42F000AC15E1 /* Build configuration list for PBXNativeTarget "MEDLIFEUITests" */;
			buildPhases = (
				D88A40C8295F42F000AC15E1 /* Sources */,
				D88A40C9295F42F000AC15E1 /* Frameworks */,
				D88A40CA295F42F000AC15E1 /* Resources */,
			);
			buildRules = (
			);
			dependencies = (
				D88A40CE295F42F000AC15E1 /* PBXTargetDependency */,
			);
			name = MEDLIFEUITests;
			productName = MEDLIFEUITests;
			productReference = D88A40CC295F42F000AC15E1 /* MEDLIFEUITests.xctest */;
			productType = "com.apple.product-type.bundle.ui-testing";
		};
/* End PBXNativeTarget section */

/* Begin PBXProject section */
		D88A40AA295F42EE00AC15E1 /* Project object */ = {
			isa = PBXProject;
			attributes = {
				BuildIndependentTargetsInParallel = 1;
				LastSwiftUpdateCheck = 1420;
				LastUpgradeCheck = 1420;
				TargetAttributes = {
					D88A40B1295F42EE00AC15E1 = {
						CreatedOnToolsVersion = 14.2;
					};
					D88A40C1295F42EF00AC15E1 = {
						CreatedOnToolsVersion = 14.2;
						TestTargetID = D88A40B1295F42EE00AC15E1;
					};
					D88A40CB295F42F000AC15E1 = {
						CreatedOnToolsVersion = 14.2;
						TestTargetID = D88A40B1295F42EE00AC15E1;
					};
				};
			};
			buildConfigurationList = D88A40AD295F42EE00AC15E1 /* Build configuration list for PBXProject "MEDLIFE" */;
			compatibilityVersion = "Xcode 14.0";
			developmentRegion = en;
			hasScannedForEncodings = 0;
			knownRegions = (
				en,
				Base,
			);
			mainGroup = D88A40A9295F42EE00AC15E1;
			productRefGroup = D88A40B3295F42EE00AC15E1 /* Products */;
			projectDirPath = "";
			projectRoot = "";
			targets = (
				D88A40B1295F42EE00AC15E1 /* MEDLIFE */,
				D88A40C1295F42EF00AC15E1 /* MEDLIFETests */,
				D88A40CB295F42F000AC15E1 /* MEDLIFEUITests */,
			);
		};
/* End PBXProject section */

/* Begin PBXResourcesBuildPhase section */
		D88A40B0295F42EE00AC15E1 /* Resources */ = {
			isa = PBXResourcesBuildPhase;
			buildActionMask = 2147483647;
			files = (
				D88A40BD295F42EF00AC15E1 /* Preview Assets.xcassets in Resources */,
				D88A40BA295F42EF00AC15E1 /* Assets.xcassets in Resources */,
			);
			runOnlyForDeploymentPostprocessing = 0;
		};
		D88A40C0295F42EF00AC15E1 /* Resources */ = {
			isa = PBXResourcesBuildPhase;
			buildActionMask = 2147483647;
			files = (
			);
			runOnlyForDeploymentPostprocessing = 0;
		};
		D88A40CA295F42F000AC15E1 /* Resources */ = {
			isa = PBXResourcesBuildPhase;
			buildActionMask = 2147483647;
			files = (
			);
			runOnlyForDeploymentPostprocessing = 0;
		};
/* End PBXResourcesBuildPhase section */

/* Begin PBXSourcesBuildPhase section */
		D88A40AE295F42EE00AC15E1 /* Sources */ = {
			isa = PBXSourcesBuildPhase;
			buildActionMask = 2147483647;
			files = (
				D88A40B8295F42EE00AC15E1 /* ContentView.swift in Sources */,
				D88A40B6295F42EE00AC15E1 /* MEDLIFEApp.swift in Sources */,
			);
			runOnlyForDeploymentPostprocessing = 0;
		};
		D88A40BE295F42EF00AC15E1 /* Sources */ = {
			isa = PBXSourcesBuildPhase;
			buildActionMask = 2147483647;
			files = (
				D88A40C7295F42EF00AC15E1 /* MEDLIFETests.swift in Sources */,
			);
			runOnlyForDeploymentPostprocessing = 0;
		};
		D88A40C8295F42F000AC15E1 /* Sources */ = {
			isa = PBXSourcesBuildPhase;
			buildActionMask = 2147483647;
			files = (
				D88A40D1295F42F000AC15E1 /* MEDLIFEUITests.swift in Sources */,
				D88A40D3295F42F000AC15E1 /* MEDLIFEUITestsLaunchTests.swift in Sources */,
			);
			runOnlyForDeploymentPostprocessing = 0;
		};
/* End PBXSourcesBuildPhase section */

/* Begin PBXTargetDependency section */
		D88A40C4295F42EF00AC15E1 /* PBXTargetDependency */ = {
			isa = PBXTargetDependency;
			target = D88A40B1295F42EE00AC15E1 /* MEDLIFE */;
			targetProxy = D88A40C3295F42EF00AC15E1 /* PBXContainerItemProxy */;
		};
		D88A40CE295F42F000AC15E1 /* PBXTargetDependency */ = {
			isa = PBXTargetDependency;
			target = D88A40B1295F42EE00AC15E1 /* MEDLIFE */;
			targetProxy = D88A40CD295F42F000AC15E1 /* PBXContainerItemProxy */;
		};
/* End PBXTargetDependency section */

/* Begin XCBuildConfiguration section */
		D88A40D4295F42F000AC15E1 /* Debug */ = {
			isa = XCBuildConfiguration;
			buildSettings = {
				ALWAYS_SEARCH_USER_PATHS = NO;
				CLANG_ANALYZER_NONNULL = YES;
				CLANG_ANALYZER_NUMBER_OBJECT_CONVERSION = YES_AGGRESSIVE;
				CLANG_CXX_LANGUAGE_STANDARD = "gnu++20";
				CLANG_ENABLE_MODULES = YES;
				CLANG_ENABLE_OBJC_ARC = YES;
				CLANG_ENABLE_OBJC_WEAK = YES;
				CLANG_WARN_BLOCK_CAPTURE_AUTORELEASING = YES;
				CLANG_WARN_BOOL_CONVERSION = YES;
				CLANG_WARN_COMMA = YES;
				CLANG_WARN_CONSTANT_CONVERSION = YES;
				CLANG_WARN_DEPRECATED_OBJC_IMPLEMENTATIONS = YES;
				CLANG_WARN_DIRECT_OBJC_ISA_USAGE = YES_ERROR;
				CLANG_WARN_DOCUMENTATION_COMMENTS = YES;
				CLANG_WARN_EMPTY_BODY = YES;
				CLANG_WARN_ENUM_CONVERSION = YES;
				CLANG_WARN_INFINITE_RECURSION = YES;
				CLANG_WARN_INT_CONVERSION = YES;
				CLANG_WARN_NON_LITERAL_NULL_CONVERSION = YES;
				CLANG_WARN_OBJC_IMPLICIT_RETAIN_SELF = YES;
				CLANG_WARN_OBJC_LITERAL_CONVERSION = YES;
				CLANG_WARN_OBJC_ROOT_CLASS = YES_ERROR;
				CLANG_WARN_QUOTED_INCLUDE_IN_FRAMEWORK_HEADER = YES;
				CLANG_WARN_RANGE_LOOP_ANALYSIS = YES;
				CLANG_WARN_STRICT_PROTOTYPES = YES;
				CLANG_WARN_SUSPICIOUS_MOVE = YES;
				CLANG_WARN_UNGUARDED_AVAILABILITY = YES_AGGRESSIVE;
				CLANG_WARN_UNREACHABLE_CODE = YES;
				CLANG_WARN__DUPLICATE_METHOD_MATCH = YES;
				COPY_PHASE_STRIP = NO;
				DEBUG_INFORMATION_FORMAT = dwarf;
				ENABLE_STRICT_OBJC_MSGSEND = YES;
				ENABLE_TESTABILITY = YES;
				GCC_C_LANGUAGE_STANDARD = gnu11;
				GCC_DYNAMIC_NO_PIC = NO;
				GCC_NO_COMMON_BLOCKS = YES;
				GCC_OPTIMIZATION_LEVEL = 0;
				GCC_PREPROCESSOR_DEFINITIONS = (
					"DEBUG=1",
					"$(inherited)",
				);
				GCC_WARN_64_TO_32_BIT_CONVERSION = YES;
				GCC_WARN_ABOUT_RETURN_TYPE = YES_ERROR;
				GCC_WARN_UNDECLARED_SELECTOR = YES;
				GCC_WARN_UNINITIALIZED_AUTOS = YES_AGGRESSIVE;
				GCC_WARN_UNUSED_FUNCTION = YES;
				GCC_WARN_UNUSED_VARIABLE = YES;
				IPHONEOS_DEPLOYMENT_TARGET = 16.2;
				MTL_ENABLE_DEBUG_INFO = INCLUDE_SOURCE;
				MTL_FAST_MATH = YES;
				ONLY_ACTIVE_ARCH = YES;
				SDKROOT = iphoneos;
				SWIFT_ACTIVE_COMPILATION_CONDITIONS = DEBUG;
				SWIFT_OPTIMIZATION_LEVEL = "-Onone";
			};
			name = Debug;
		};
		D88A40D5295F42F000AC15E1 /* Release */ = {
			isa = XCBuildConfiguration;
			buildSettings = {
				ALWAYS_SEARCH_USER_PATHS = NO;
				CLANG_ANALYZER_NONNULL = YES;
				CLANG_ANALYZER_NUMBER_OBJECT_CONVERSION = YES_AGGRESSIVE;
				CLANG_CXX_LANGUAGE_STANDARD = "gnu++20";
				CLANG_ENABLE_MODULES = YES;
				CLANG_ENABLE_OBJC_ARC = YES;
				CLANG_ENABLE_OBJC_WEAK = YES;
				CLANG_WARN_BLOCK_CAPTURE_AUTORELEASING = YES;
				CLANG_WARN_BOOL_CONVERSION = YES;
				CLANG_WARN_COMMA = YES;
				CLANG_WARN_CONSTANT_CONVERSION = YES;
				CLANG_WARN_DEPRECATED_OBJC_IMPLEMENTATIONS = YES;
				CLANG_WARN_DIRECT_OBJC_ISA_USAGE = YES_ERROR;
				CLANG_WARN_DOCUMENTATION_COMMENTS = YES;
				CLANG_WARN_EMPTY_BODY = YES;
				CLANG_WARN_ENUM_CONVERSION = YES;
				CLANG_WARN_INFINITE_RECURSION = YES;
				CLANG_WARN_INT_CONVERSION = YES;
				CLANG_WARN_NON_LITERAL_NULL_CONVERSION = YES;
				CLANG_WARN_OBJC_IMPLICIT_RETAIN_SELF = YES;
				CLANG_WARN_OBJC_LITERAL_CONVERSION = YES;
				CLANG_WARN_OBJC_ROOT_CLASS = YES_ERROR;
				CLANG_WARN_QUOTED_INCLUDE_IN_FRAMEWORK_HEADER = YES;
				CLANG_WARN_RANGE_LOOP_ANALYSIS = YES;
				CLANG_WARN_STRICT_PROTOTYPES = YES;
				CLANG_WARN_SUSPICIOUS_MOVE = YES;
				CLANG_WARN_UNGUARDED_AVAILABILITY = YES_AGGRESSIVE;
				CLANG_WARN_UNREACHABLE_CODE = YES;
				CLANG_WARN__DUPLICATE_METHOD_MATCH = YES;
				COPY_PHASE_STRIP = NO;
				DEBUG_INFORMATION_FORMAT = "dwarf-with-dsym";
				ENABLE_NS_ASSERTIONS = NO;
				ENABLE_STRICT_OBJC_MSGSEND = YES;
				GCC_C_LANGUAGE_STANDARD = gnu11;
				GCC_NO_COMMON_BLOCKS = YES;
				GCC_WARN_64_TO_32_BIT_CONVERSION = YES;
				GCC_WARN_ABOUT_RETURN_TYPE = YES_ERROR;
				GCC_WARN_UNDECLARED_SELECTOR = YES;
				GCC_WARN_UNINITIALIZED_AUTOS = YES_AGGRESSIVE;
				GCC_WARN_UNUSED_FUNCTION = YES;
				GCC_WARN_UNUSED_VARIABLE = YES;
				IPHONEOS_DEPLOYMENT_TARGET = 16.2;
				MTL_ENABLE_DEBUG_INFO = NO;
				MTL_FAST_MATH = YES;
				SDKROOT = iphoneos;
				SWIFT_COMPILATION_MODE = wholemodule;
				SWIFT_OPTIMIZATION_LEVEL = "-O";
				VALIDATE_PRODUCT = YES;
			};
			name = Release;
		};
		D88A40D7295F42F000AC15E1 /* Debug */ = {
			isa = XCBuildConfiguration;
			buildSettings = {
				ASSETCATALOG_COMPILER_APPICON_NAME = AppIcon;
				ASSETCATALOG_COMPILER_GLOBAL_ACCENT_COLOR_NAME = AccentColor;
				CODE_SIGN_STYLE = Automatic;
				CURRENT_PROJECT_VERSION = 1;
				DEVELOPMENT_ASSET_PATHS = "\"MEDLIFE/Preview Content\"";
				ENABLE_PREVIEWS = YES;
				GENERATE_INFOPLIST_FILE = YES;
				INFOPLIST_KEY_UIApplicationSceneManifest_Generation = YES;
				INFOPLIST_KEY_UIApplicationSupportsIndirectInputEvents = YES;
				INFOPLIST_KEY_UILaunchScreen_Generation = YES;
				INFOPLIST_KEY_UISupportedInterfaceOrientations_iPad = "UIInterfaceOrientationPortrait UIInterfaceOrientationPortraitUpsideDown UIInterfaceOrientationLandscapeLeft UIInterfaceOrientationLandscapeRight";
				INFOPLIST_KEY_UISupportedInterfaceOrientations_iPhone = "UIInterfaceOrientationPortrait UIInterfaceOrientationLandscapeLeft UIInterfaceOrientationLandscapeRight";
				LD_RUNPATH_SEARCH_PATHS = (
					"$(inherited)",
					"@executable_path/Frameworks",
				);
				MARKETING_VERSION = 1.0;
				PRODUCT_BUNDLE_IDENTIFIER = studentOrg.MEDLIFE;
				PRODUCT_NAME = "$(TARGET_NAME)";
				SWIFT_EMIT_LOC_STRINGS = YES;
				SWIFT_VERSION = 5.0;
				TARGETED_DEVICE_FAMILY = "1,2";
			};
			name = Debug;
		};
		D88A40D8295F42F000AC15E1 /* Release */ = {
			isa = XCBuildConfiguration;
			buildSettings = {
				ASSETCATALOG_COMPILER_APPICON_NAME = AppIcon;
				ASSETCATALOG_COMPILER_GLOBAL_ACCENT_COLOR_NAME = AccentColor;
				CODE_SIGN_STYLE = Automatic;
				CURRENT_PROJECT_VERSION = 1;
				DEVELOPMENT_ASSET_PATHS = "\"MEDLIFE/Preview Content\"";
				ENABLE_PREVIEWS = YES;
				GENERATE_INFOPLIST_FILE = YES;
				INFOPLIST_KEY_UIApplicationSceneManifest_Generation = YES;
				INFOPLIST_KEY_UIApplicationSupportsIndirectInputEvents = YES;
				INFOPLIST_KEY_UILaunchScreen_Generation = YES;
				INFOPLIST_KEY_UISupportedInterfaceOrientations_iPad = "UIInterfaceOrientationPortrait UIInterfaceOrientationPortraitUpsideDown UIInterfaceOrientationLandscapeLeft UIInterfaceOrientationLandscapeRight";
				INFOPLIST_KEY_UISupportedInterfaceOrientations_iPhone = "UIInterfaceOrientationPortrait UIInterfaceOrientationLandscapeLeft UIInterfaceOrientationLandscapeRight";
				LD_RUNPATH_SEARCH_PATHS = (
					"$(inherited)",
					"@executable_path/Frameworks",
				);
				MARKETING_VERSION = 1.0;
				PRODUCT_BUNDLE_IDENTIFIER = studentOrg.MEDLIFE;
				PRODUCT_NAME = "$(TARGET_NAME)";
				SWIFT_EMIT_LOC_STRINGS = YES;
				SWIFT_VERSION = 5.0;
				TARGETED_DEVICE_FAMILY = "1,2";
			};
			name = Release;
		};
		D88A40DA295F42F000AC15E1 /* Debug */ = {
			isa = XCBuildConfiguration;
			buildSettings = {
				ALWAYS_EMBED_SWIFT_STANDARD_LIBRARIES = YES;
				BUNDLE_LOADER = "$(TEST_HOST)";
				CODE_SIGN_STYLE = Automatic;
				CURRENT_PROJECT_VERSION = 1;
				GENERATE_INFOPLIST_FILE = YES;
				IPHONEOS_DEPLOYMENT_TARGET = 16.2;
				MARKETING_VERSION = 1.0;
				PRODUCT_BUNDLE_IDENTIFIER = studentOrg.MEDLIFETests;
				PRODUCT_NAME = "$(TARGET_NAME)";
				SWIFT_EMIT_LOC_STRINGS = NO;
				SWIFT_VERSION = 5.0;
				TARGETED_DEVICE_FAMILY = "1,2";
				TEST_HOST = "$(BUILT_PRODUCTS_DIR)/MEDLIFE.app/$(BUNDLE_EXECUTABLE_FOLDER_PATH)/MEDLIFE";
			};
			name = Debug;
		};
		D88A40DB295F42F000AC15E1 /* Release */ = {
			isa = XCBuildConfiguration;
			buildSettings = {
				ALWAYS_EMBED_SWIFT_STANDARD_LIBRARIES = YES;
				BUNDLE_LOADER = "$(TEST_HOST)";
				CODE_SIGN_STYLE = Automatic;
				CURRENT_PROJECT_VERSION = 1;
				GENERATE_INFOPLIST_FILE = YES;
				IPHONEOS_DEPLOYMENT_TARGET = 16.2;
				MARKETING_VERSION = 1.0;
				PRODUCT_BUNDLE_IDENTIFIER = studentOrg.MEDLIFETests;
				PRODUCT_NAME = "$(TARGET_NAME)";
				SWIFT_EMIT_LOC_STRINGS = NO;
				SWIFT_VERSION = 5.0;
				TARGETED_DEVICE_FAMILY = "1,2";
				TEST_HOST = "$(BUILT_PRODUCTS_DIR)/MEDLIFE.app/$(BUNDLE_EXECUTABLE_FOLDER_PATH)/MEDLIFE";
			};
			name = Release;
		};
		D88A40DD295F42F000AC15E1 /* Debug */ = {
			isa = XCBuildConfiguration;
			buildSettings = {
				ALWAYS_EMBED_SWIFT_STANDARD_LIBRARIES = YES;
				CODE_SIGN_STYLE = Automatic;
				CURRENT_PROJECT_VERSION = 1;
				GENERATE_INFOPLIST_FILE = YES;
				MARKETING_VERSION = 1.0;
				PRODUCT_BUNDLE_IDENTIFIER = studentOrg.MEDLIFEUITests;
				PRODUCT_NAME = "$(TARGET_NAME)";
				SWIFT_EMIT_LOC_STRINGS = NO;
				SWIFT_VERSION = 5.0;
				TARGETED_DEVICE_FAMILY = "1,2";
				TEST_TARGET_NAME = MEDLIFE;
			};
			name = Debug;
		};
		D88A40DE295F42F000AC15E1 /* Release */ = {
			isa = XCBuildConfiguration;
			buildSettings = {
				ALWAYS_EMBED_SWIFT_STANDARD_LIBRARIES = YES;
				CODE_SIGN_STYLE = Automatic;
				CURRENT_PROJECT_VERSION = 1;
				GENERATE_INFOPLIST_FILE = YES;
				MARKETING_VERSION = 1.0;
				PRODUCT_BUNDLE_IDENTIFIER = studentOrg.MEDLIFEUITests;
				PRODUCT_NAME = "$(TARGET_NAME)";
				SWIFT_EMIT_LOC_STRINGS = NO;
				SWIFT_VERSION = 5.0;
				TARGETED_DEVICE_FAMILY = "1,2";
				TEST_TARGET_NAME = MEDLIFE;
			};
			name = Release;
		};
/* End XCBuildConfiguration section */

/* Begin XCConfigurationList section */
		D88A40AD295F42EE00AC15E1 /* Build configuration list for PBXProject "MEDLIFE" */ = {
			isa = XCConfigurationList;
			buildConfigurations = (
				D88A40D4295F42F000AC15E1 /* Debug */,
				D88A40D5295F42F000AC15E1 /* Release */,
			);
			defaultConfigurationIsVisible = 0;
			defaultConfigurationName = Release;
		};
		D88A40D6295F42F000AC15E1 /* Build configuration list for PBXNativeTarget "MEDLIFE" */ = {
			isa = XCConfigurationList;
			buildConfigurations = (
				D88A40D7295F42F000AC15E1 /* Debug */,
				D88A40D8295F42F000AC15E1 /* Release */,
			);
			defaultConfigurationIsVisible = 0;
			defaultConfigurationName = Release;
		};
		D88A40D9295F42F000AC15E1 /* Build configuration list for PBXNativeTarget "MEDLIFETests" */ = {
			isa = XCConfigurationList;
			buildConfigurations = (
				D88A40DA295F42F000AC15E1 /* Debug */,
				D88A40DB295F42F000AC15E1 /* Release */,
			);
			defaultConfigurationIsVisible = 0;
			defaultConfigurationName = Release;
		};
		D88A40DC295F42F000AC15E1 /* Build configuration list for PBXNativeTarget "MEDLIFEUITests" */ = {
			isa = XCConfigurationList;
			buildConfigurations = (
				D88A40DD295F42F000AC15E1 /* Debug */,
				D88A40DE295F42F000AC15E1 /* Release */,
			);
			defaultConfigurationIsVisible = 0;
			defaultConfigurationName = Release;
		};
/* End XCConfigurationList section */
	};
	rootObject = D88A40AA295F42EE00AC15E1 /* Project object */;
}
