// !$*UTF8*$!
{
	archiveVersion = 1;
	classes = {
	};
	objectVersion = 56;
	objects = {

/* Begin PBXBuildFile section */
		D8258F732971AE7C00D86113 /* ExecScrollView.swift in Sources */ = {isa = PBXBuildFile; fileRef = D8258F722971AE7C00D86113 /* ExecScrollView.swift */; };
		D84D49C629C7A80300889294 /* TaskProofView.swift in Sources */ = {isa = PBXBuildFile; fileRef = D84D49C529C7A80300889294 /* TaskProofView.swift */; };
		D84D49C829C8538200889294 /* FileStorage.swift in Sources */ = {isa = PBXBuildFile; fileRef = D84D49C729C8538200889294 /* FileStorage.swift */; };
		D85FC461296380C70095D663 /* FirebaseAnalytics in Frameworks */ = {isa = PBXBuildFile; productRef = D85FC460296380C70095D663 /* FirebaseAnalytics */; };
		D85FC463296380C70095D663 /* FirebaseAnalyticsOnDeviceConversion in Frameworks */ = {isa = PBXBuildFile; productRef = D85FC462296380C70095D663 /* FirebaseAnalyticsOnDeviceConversion */; };
		D85FC465296380C70095D663 /* FirebaseAnalyticsSwift in Frameworks */ = {isa = PBXBuildFile; productRef = D85FC464296380C70095D663 /* FirebaseAnalyticsSwift */; };
		D85FC467296380C70095D663 /* FirebaseAnalyticsWithoutAdIdSupport in Frameworks */ = {isa = PBXBuildFile; productRef = D85FC466296380C70095D663 /* FirebaseAnalyticsWithoutAdIdSupport */; };
		D85FC469296380C70095D663 /* FirebaseAppCheck in Frameworks */ = {isa = PBXBuildFile; productRef = D85FC468296380C70095D663 /* FirebaseAppCheck */; };
		D85FC46B296380C70095D663 /* FirebaseAuth in Frameworks */ = {isa = PBXBuildFile; productRef = D85FC46A296380C70095D663 /* FirebaseAuth */; };
		D85FC46D296380C70095D663 /* FirebaseAuthCombine-Community in Frameworks */ = {isa = PBXBuildFile; productRef = D85FC46C296380C70095D663 /* FirebaseAuthCombine-Community */; };
		D85FC46F296380C70095D663 /* FirebaseDatabase in Frameworks */ = {isa = PBXBuildFile; productRef = D85FC46E296380C70095D663 /* FirebaseDatabase */; };
		D85FC471296380C70095D663 /* FirebaseDatabaseSwift in Frameworks */ = {isa = PBXBuildFile; productRef = D85FC470296380C70095D663 /* FirebaseDatabaseSwift */; };
		D85FC473296380C70095D663 /* FirebaseFirestore in Frameworks */ = {isa = PBXBuildFile; productRef = D85FC472296380C70095D663 /* FirebaseFirestore */; };
		D85FC475296380C70095D663 /* FirebaseMessaging in Frameworks */ = {isa = PBXBuildFile; productRef = D85FC474296380C70095D663 /* FirebaseMessaging */; };
		D85FC477296380C70095D663 /* FirebasePerformance in Frameworks */ = {isa = PBXBuildFile; productRef = D85FC476296380C70095D663 /* FirebasePerformance */; };
		D85FC479296380C70095D663 /* FirebaseStorage in Frameworks */ = {isa = PBXBuildFile; productRef = D85FC478296380C70095D663 /* FirebaseStorage */; };
		D85FC47B296380C70095D663 /* FirebaseStorageCombine-Community in Frameworks */ = {isa = PBXBuildFile; productRef = D85FC47A296380C70095D663 /* FirebaseStorageCombine-Community */; };
		D864338D2979D618006786B2 /* ExecCreationView.swift in Sources */ = {isa = PBXBuildFile; fileRef = D864338C2979D618006786B2 /* ExecCreationView.swift */; };
		D8643391297A10E0006786B2 /* SettingsView.swift in Sources */ = {isa = PBXBuildFile; fileRef = D8643390297A10E0006786B2 /* SettingsView.swift */; };
		D88164D42969734A005E1974 /* ExecModel.swift in Sources */ = {isa = PBXBuildFile; fileRef = D88164D32969734A005E1974 /* ExecModel.swift */; };
		D88164D62969748F005E1974 /* TaskModel.swift in Sources */ = {isa = PBXBuildFile; fileRef = D88164D52969748F005E1974 /* TaskModel.swift */; };
		D88164D82969752B005E1974 /* ReadViewModel.swift in Sources */ = {isa = PBXBuildFile; fileRef = D88164D72969752B005E1974 /* ReadViewModel.swift */; };
		D88164DA296B7543005E1974 /* ExecEventView.swift in Sources */ = {isa = PBXBuildFile; fileRef = D88164D9296B7543005E1974 /* ExecEventView.swift */; };
		D88164DC296B7B8F005E1974 /* ExecHomeView.swift in Sources */ = {isa = PBXBuildFile; fileRef = D88164DB296B7B8F005E1974 /* ExecHomeView.swift */; };
		D884E85D2972556E00EE1F10 /* ExecListComponetView.swift in Sources */ = {isa = PBXBuildFile; fileRef = D884E85C2972556E00EE1F10 /* ExecListComponetView.swift */; };
		D884E85F2972658D00EE1F10 /* TaskListComponentView.swift in Sources */ = {isa = PBXBuildFile; fileRef = D884E85E2972658D00EE1F10 /* TaskListComponentView.swift */; };
		D884E86129726EEB00EE1F10 /* TaskScrollView.swift in Sources */ = {isa = PBXBuildFile; fileRef = D884E86029726EEB00EE1F10 /* TaskScrollView.swift */; };
		D886A5592973F0D7007395A0 /* EventListComponentView.swift in Sources */ = {isa = PBXBuildFile; fileRef = D886A5582973F0D7007395A0 /* EventListComponentView.swift */; };
		D886A55B2973F0F7007395A0 /* EventModel.swift in Sources */ = {isa = PBXBuildFile; fileRef = D886A55A2973F0F7007395A0 /* EventModel.swift */; };
		D88A40B6295F42EE00AC15E1 /* MEDLIFEApp.swift in Sources */ = {isa = PBXBuildFile; fileRef = D88A40B5295F42EE00AC15E1 /* MEDLIFEApp.swift */; };
		D88A40B8295F42EE00AC15E1 /* ContentView.swift in Sources */ = {isa = PBXBuildFile; fileRef = D88A40B7295F42EE00AC15E1 /* ContentView.swift */; };
		D88A40BA295F42EF00AC15E1 /* Assets.xcassets in Resources */ = {isa = PBXBuildFile; fileRef = D88A40B9295F42EF00AC15E1 /* Assets.xcassets */; };
		D88A40BD295F42EF00AC15E1 /* Preview Assets.xcassets in Resources */ = {isa = PBXBuildFile; fileRef = D88A40BC295F42EF00AC15E1 /* Preview Assets.xcassets */; };
		D88A40C7295F42EF00AC15E1 /* MEDLIFETests.swift in Sources */ = {isa = PBXBuildFile; fileRef = D88A40C6295F42EF00AC15E1 /* MEDLIFETests.swift */; };
		D88A40D1295F42F000AC15E1 /* MEDLIFEUITests.swift in Sources */ = {isa = PBXBuildFile; fileRef = D88A40D0295F42F000AC15E1 /* MEDLIFEUITests.swift */; };
		D88A40D3295F42F000AC15E1 /* MEDLIFEUITestsLaunchTests.swift in Sources */ = {isa = PBXBuildFile; fileRef = D88A40D2295F42F000AC15E1 /* MEDLIFEUITestsLaunchTests.swift */; };
		D88A40E0295F433600AC15E1 /* OpeningPage.swift in Sources */ = {isa = PBXBuildFile; fileRef = D88A40DF295F433600AC15E1 /* OpeningPage.swift */; };
		D88A767F29BC1BD300F48D0A /* SwiftUIView.swift in Sources */ = {isa = PBXBuildFile; fileRef = D88A767E29BC1BD300F48D0A /* SwiftUIView.swift */; };
		D88A768229BD22A700F48D0A /* UploadPictureView.swift in Sources */ = {isa = PBXBuildFile; fileRef = D88A768129BD22A700F48D0A /* UploadPictureView.swift */; };
		D898223C2962AFED00AECC73 /* temp.swift in Sources */ = {isa = PBXBuildFile; fileRef = D898223B2962AFED00AECC73 /* temp.swift */; };
		D898223E2962B13700AECC73 /* ExecLogin.swift in Sources */ = {isa = PBXBuildFile; fileRef = D898223D2962B13700AECC73 /* ExecLogin.swift */; };
		D89822402962B45E00AECC73 /* MemberLogin.swift in Sources */ = {isa = PBXBuildFile; fileRef = D898223F2962B45E00AECC73 /* MemberLogin.swift */; };
		D89B8ED42976B30300A39F89 /* CreateTaskView.swift in Sources */ = {isa = PBXBuildFile; fileRef = D89B8ED32976B30300A39F89 /* CreateTaskView.swift */; };
		D89B8ED62976DB7A00A39F89 /* ExecTaskComponentView.swift in Sources */ = {isa = PBXBuildFile; fileRef = D89B8ED52976DB7A00A39F89 /* ExecTaskComponentView.swift */; };
		D89B8ED82976E55400A39F89 /* ModifyTaskView.swift in Sources */ = {isa = PBXBuildFile; fileRef = D89B8ED72976E55400A39F89 /* ModifyTaskView.swift */; };
		D89B8EDA2976E77200A39F89 /* ExecTaskScrollView.swift in Sources */ = {isa = PBXBuildFile; fileRef = D89B8ED92976E77200A39F89 /* ExecTaskScrollView.swift */; };
		D89B8EDE2976F03100A39F89 /* PublishEventView.swift in Sources */ = {isa = PBXBuildFile; fileRef = D89B8EDD2976F03100A39F89 /* PublishEventView.swift */; };
		D8EFDA91296EC37E00452A57 /* GoogleService-Info.plist in Resources */ = {isa = PBXBuildFile; fileRef = D8EFDA90296EC37E00452A57 /* GoogleService-Info.plist */; };
		D8FF129A29DBA36D00F48466 /* ChangePasswordView.swift in Sources */ = {isa = PBXBuildFile; fileRef = D8FF129929DBA36C00F48466 /* ChangePasswordView.swift */; };
/* End PBXBuildFile section */

/* Begin PBXContainerItemProxy section */
		D88A40C3295F42EF00AC15E1 /* PBXContainerItemProxy */ = {
			isa = PBXContainerItemProxy;
			containerPortal = D88A40AA295F42EE00AC15E1 /* Project object */;
			proxyType = 1;
			remoteGlobalIDString = D88A40B1295F42EE00AC15E1;
			remoteInfo = MEDLIFE;
		};
		D88A40CD295F42F000AC15E1 /* PBXContainerItemProxy */ = {
			isa = PBXContainerItemProxy;
			containerPortal = D88A40AA295F42EE00AC15E1 /* Project object */;
			proxyType = 1;
			remoteGlobalIDString = D88A40B1295F42EE00AC15E1;
			remoteInfo = MEDLIFE;
		};
/* End PBXContainerItemProxy section */

/* Begin PBXFileReference section */
		D8258F722971AE7C00D86113 /* ExecScrollView.swift */ = {isa = PBXFileReference; lastKnownFileType = sourcecode.swift; path = ExecScrollView.swift; sourceTree = "<group>"; };
		D84D49C529C7A80300889294 /* TaskProofView.swift */ = {isa = PBXFileReference; lastKnownFileType = sourcecode.swift; path = TaskProofView.swift; sourceTree = "<group>"; };
		D84D49C729C8538200889294 /* FileStorage.swift */ = {isa = PBXFileReference; lastKnownFileType = sourcecode.swift; path = FileStorage.swift; sourceTree = "<group>"; };
		D864338C2979D618006786B2 /* ExecCreationView.swift */ = {isa = PBXFileReference; lastKnownFileType = sourcecode.swift; path = ExecCreationView.swift; sourceTree = "<group>"; };
		D8643390297A10E0006786B2 /* SettingsView.swift */ = {isa = PBXFileReference; lastKnownFileType = sourcecode.swift; path = SettingsView.swift; sourceTree = "<group>"; };
		D88164D32969734A005E1974 /* ExecModel.swift */ = {isa = PBXFileReference; lastKnownFileType = sourcecode.swift; path = ExecModel.swift; sourceTree = "<group>"; };
		D88164D52969748F005E1974 /* TaskModel.swift */ = {isa = PBXFileReference; lastKnownFileType = sourcecode.swift; path = TaskModel.swift; sourceTree = "<group>"; };
		D88164D72969752B005E1974 /* ReadViewModel.swift */ = {isa = PBXFileReference; lastKnownFileType = sourcecode.swift; path = ReadViewModel.swift; sourceTree = "<group>"; };
		D88164D9296B7543005E1974 /* ExecEventView.swift */ = {isa = PBXFileReference; lastKnownFileType = sourcecode.swift; path = ExecEventView.swift; sourceTree = "<group>"; };
		D88164DB296B7B8F005E1974 /* ExecHomeView.swift */ = {isa = PBXFileReference; lastKnownFileType = sourcecode.swift; path = ExecHomeView.swift; sourceTree = "<group>"; };
		D884E85C2972556E00EE1F10 /* ExecListComponetView.swift */ = {isa = PBXFileReference; lastKnownFileType = sourcecode.swift; path = ExecListComponetView.swift; sourceTree = "<group>"; };
		D884E85E2972658D00EE1F10 /* TaskListComponentView.swift */ = {isa = PBXFileReference; lastKnownFileType = sourcecode.swift; path = TaskListComponentView.swift; sourceTree = "<group>"; };
		D884E86029726EEB00EE1F10 /* TaskScrollView.swift */ = {isa = PBXFileReference; lastKnownFileType = sourcecode.swift; path = TaskScrollView.swift; sourceTree = "<group>"; };
		D886A5582973F0D7007395A0 /* EventListComponentView.swift */ = {isa = PBXFileReference; lastKnownFileType = sourcecode.swift; path = EventListComponentView.swift; sourceTree = "<group>"; };
		D886A55A2973F0F7007395A0 /* EventModel.swift */ = {isa = PBXFileReference; lastKnownFileType = sourcecode.swift; path = EventModel.swift; sourceTree = "<group>"; };
		D88A40B2295F42EE00AC15E1 /* MEDLIFE.app */ = {isa = PBXFileReference; explicitFileType = wrapper.application; includeInIndex = 0; path = MEDLIFE.app; sourceTree = BUILT_PRODUCTS_DIR; };
		D88A40B5295F42EE00AC15E1 /* MEDLIFEApp.swift */ = {isa = PBXFileReference; lastKnownFileType = sourcecode.swift; path = MEDLIFEApp.swift; sourceTree = "<group>"; };
		D88A40B7295F42EE00AC15E1 /* ContentView.swift */ = {isa = PBXFileReference; lastKnownFileType = sourcecode.swift; path = ContentView.swift; sourceTree = "<group>"; };
		D88A40B9295F42EF00AC15E1 /* Assets.xcassets */ = {isa = PBXFileReference; lastKnownFileType = folder.assetcatalog; path = Assets.xcassets; sourceTree = "<group>"; };
		D88A40BC295F42EF00AC15E1 /* Preview Assets.xcassets */ = {isa = PBXFileReference; lastKnownFileType = folder.assetcatalog; path = "Preview Assets.xcassets"; sourceTree = "<group>"; };
		D88A40C2295F42EF00AC15E1 /* MEDLIFETests.xctest */ = {isa = PBXFileReference; explicitFileType = wrapper.cfbundle; includeInIndex = 0; path = MEDLIFETests.xctest; sourceTree = BUILT_PRODUCTS_DIR; };
		D88A40C6295F42EF00AC15E1 /* MEDLIFETests.swift */ = {isa = PBXFileReference; lastKnownFileType = sourcecode.swift; path = MEDLIFETests.swift; sourceTree = "<group>"; };
		D88A40CC295F42F000AC15E1 /* MEDLIFEUITests.xctest */ = {isa = PBXFileReference; explicitFileType = wrapper.cfbundle; includeInIndex = 0; path = MEDLIFEUITests.xctest; sourceTree = BUILT_PRODUCTS_DIR; };
		D88A40D0295F42F000AC15E1 /* MEDLIFEUITests.swift */ = {isa = PBXFileReference; lastKnownFileType = sourcecode.swift; path = MEDLIFEUITests.swift; sourceTree = "<group>"; };
		D88A40D2295F42F000AC15E1 /* MEDLIFEUITestsLaunchTests.swift */ = {isa = PBXFileReference; lastKnownFileType = sourcecode.swift; path = MEDLIFEUITestsLaunchTests.swift; sourceTree = "<group>"; };
		D88A40DF295F433600AC15E1 /* OpeningPage.swift */ = {isa = PBXFileReference; lastKnownFileType = sourcecode.swift; path = OpeningPage.swift; sourceTree = "<group>"; };
		D88A767E29BC1BD300F48D0A /* SwiftUIView.swift */ = {isa = PBXFileReference; lastKnownFileType = sourcecode.swift; path = SwiftUIView.swift; sourceTree = "<group>"; };
		D88A768029BC21F600F48D0A /* Article.md */ = {isa = PBXFileReference; lastKnownFileType = net.daringfireball.markdown; path = Article.md; sourceTree = "<group>"; };
		D88A768129BD22A700F48D0A /* UploadPictureView.swift */ = {isa = PBXFileReference; lastKnownFileType = sourcecode.swift; path = UploadPictureView.swift; sourceTree = "<group>"; };
		D898223B2962AFED00AECC73 /* temp.swift */ = {isa = PBXFileReference; lastKnownFileType = sourcecode.swift; path = temp.swift; sourceTree = "<group>"; };
		D898223D2962B13700AECC73 /* ExecLogin.swift */ = {isa = PBXFileReference; lastKnownFileType = sourcecode.swift; path = ExecLogin.swift; sourceTree = "<group>"; };
		D898223F2962B45E00AECC73 /* MemberLogin.swift */ = {isa = PBXFileReference; lastKnownFileType = sourcecode.swift; path = MemberLogin.swift; sourceTree = "<group>"; };
		D89B8ED32976B30300A39F89 /* CreateTaskView.swift */ = {isa = PBXFileReference; lastKnownFileType = sourcecode.swift; path = CreateTaskView.swift; sourceTree = "<group>"; };
		D89B8ED52976DB7A00A39F89 /* ExecTaskComponentView.swift */ = {isa = PBXFileReference; lastKnownFileType = sourcecode.swift; path = ExecTaskComponentView.swift; sourceTree = "<group>"; };
		D89B8ED72976E55400A39F89 /* ModifyTaskView.swift */ = {isa = PBXFileReference; lastKnownFileType = sourcecode.swift; path = ModifyTaskView.swift; sourceTree = "<group>"; };
		D89B8ED92976E77200A39F89 /* ExecTaskScrollView.swift */ = {isa = PBXFileReference; lastKnownFileType = sourcecode.swift; path = ExecTaskScrollView.swift; sourceTree = "<group>"; };
		D89B8EDD2976F03100A39F89 /* PublishEventView.swift */ = {isa = PBXFileReference; lastKnownFileType = sourcecode.swift; path = PublishEventView.swift; sourceTree = "<group>"; };
		D8EFDA90296EC37E00452A57 /* GoogleService-Info.plist */ = {isa = PBXFileReference; fileEncoding = 4; lastKnownFileType = text.plist.xml; path = "GoogleService-Info.plist"; sourceTree = "<group>"; };
		D8FF129929DBA36C00F48466 /* ChangePasswordView.swift */ = {isa = PBXFileReference; lastKnownFileType = sourcecode.swift; path = ChangePasswordView.swift; sourceTree = "<group>"; };
/* End PBXFileReference section */

/* Begin PBXFrameworksBuildPhase section */
		D88A40AF295F42EE00AC15E1 /* Frameworks */ = {
			isa = PBXFrameworksBuildPhase;
			buildActionMask = 2147483647;
			files = (
				D85FC465296380C70095D663 /* FirebaseAnalyticsSwift in Frameworks */,
				D85FC46B296380C70095D663 /* FirebaseAuth in Frameworks */,
				D85FC477296380C70095D663 /* FirebasePerformance in Frameworks */,
				D85FC461296380C70095D663 /* FirebaseAnalytics in Frameworks */,
				D85FC473296380C70095D663 /* FirebaseFirestore in Frameworks */,
				D85FC471296380C70095D663 /* FirebaseDatabaseSwift in Frameworks */,
				D85FC463296380C70095D663 /* FirebaseAnalyticsOnDeviceConversion in Frameworks */,
				D85FC469296380C70095D663 /* FirebaseAppCheck in Frameworks */,
				D85FC47B296380C70095D663 /* FirebaseStorageCombine-Community in Frameworks */,
				D85FC479296380C70095D663 /* FirebaseStorage in Frameworks */,
				D85FC46D296380C70095D663 /* FirebaseAuthCombine-Community in Frameworks */,
				D85FC46F296380C70095D663 /* FirebaseDatabase in Frameworks */,
				D85FC475296380C70095D663 /* FirebaseMessaging in Frameworks */,
				D85FC467296380C70095D663 /* FirebaseAnalyticsWithoutAdIdSupport in Frameworks */,
			);
			runOnlyForDeploymentPostprocessing = 0;
		};
		D88A40BF295F42EF00AC15E1 /* Frameworks */ = {
			isa = PBXFrameworksBuildPhase;
			buildActionMask = 2147483647;
			files = (
			);
			runOnlyForDeploymentPostprocessing = 0;
		};
		D88A40C9295F42F000AC15E1 /* Frameworks */ = {
			isa = PBXFrameworksBuildPhase;
			buildActionMask = 2147483647;
			files = (
			);
			runOnlyForDeploymentPostprocessing = 0;
		};
/* End PBXFrameworksBuildPhase section */

/* Begin PBXGroup section */
		D88A40A9295F42EE00AC15E1 = {
			isa = PBXGroup;
			children = (
				D88A40B4295F42EE00AC15E1 /* MEDLIFE */,
				D88A40C5295F42EF00AC15E1 /* MEDLIFETests */,
				D88A40CF295F42F000AC15E1 /* MEDLIFEUITests */,
				D88A40B3295F42EE00AC15E1 /* Products */,
			);
			sourceTree = "<group>";
		};
		D88A40B3295F42EE00AC15E1 /* Products */ = {
			isa = PBXGroup;
			children = (
				D88A40B2295F42EE00AC15E1 /* MEDLIFE.app */,
				D88A40C2295F42EF00AC15E1 /* MEDLIFETests.xctest */,
				D88A40CC295F42F000AC15E1 /* MEDLIFEUITests.xctest */,
			);
			name = Products;
			sourceTree = "<group>";
		};
		D88A40B4295F42EE00AC15E1 /* MEDLIFE */ = {
			isa = PBXGroup;
			children = (
				D88A40B9295F42EF00AC15E1 /* Assets.xcassets */,
				D88A40B7295F42EE00AC15E1 /* ContentView.swift */,
				D8EFDA90296EC37E00452A57 /* GoogleService-Info.plist */,
				D88A40B5295F42EE00AC15E1 /* MEDLIFEApp.swift */,
				D898223F2962B45E00AECC73 /* MemberLogin.swift */,
				D89B8ED32976B30300A39F89 /* CreateTaskView.swift */,
				D89B8EDD2976F03100A39F89 /* PublishEventView.swift */,
				D886A5582973F0D7007395A0 /* EventListComponentView.swift */,
				D88164DB296B7B8F005E1974 /* ExecHomeView.swift */,
				D884E85C2972556E00EE1F10 /* ExecListComponetView.swift */,
				D898223D2962B13700AECC73 /* ExecLogin.swift */,
				D88164D32969734A005E1974 /* ExecModel.swift */,
				D8258F722971AE7C00D86113 /* ExecScrollView.swift */,
				D886A55A2973F0F7007395A0 /* EventModel.swift */,
				D88164D9296B7543005E1974 /* ExecEventView.swift */,
				D89B8ED92976E77200A39F89 /* ExecTaskScrollView.swift */,
				D864338C2979D618006786B2 /* ExecCreationView.swift */,
				D8643390297A10E0006786B2 /* SettingsView.swift */,
				D89B8ED52976DB7A00A39F89 /* ExecTaskComponentView.swift */,
				D88A768129BD22A700F48D0A /* UploadPictureView.swift */,
				D884E85E2972658D00EE1F10 /* TaskListComponentView.swift */,
				D88164D52969748F005E1974 /* TaskModel.swift */,
				D884E86029726EEB00EE1F10 /* TaskScrollView.swift */,
				D84D49C529C7A80300889294 /* TaskProofView.swift */,
				D89B8ED72976E55400A39F89 /* ModifyTaskView.swift */,
				D88A40DF295F433600AC15E1 /* OpeningPage.swift */,
				D88A40BB295F42EF00AC15E1 /* Preview Content */,
				D88164D72969752B005E1974 /* ReadViewModel.swift */,
				D898223B2962AFED00AECC73 /* temp.swift */,
				D88A767E29BC1BD300F48D0A /* SwiftUIView.swift */,
				D88A768029BC21F600F48D0A /* Article.md */,
				D84D49C729C8538200889294 /* FileStorage.swift */,
				D8FF129929DBA36C00F48466 /* ChangePasswordView.swift */,
			);
			path = MEDLIFE;
			sourceTree = "<group>";
		};
		D88A40BB295F42EF00AC15E1 /* Preview Content */ = {
			isa = PBXGroup;
			children = (
				D88A40BC295F42EF00AC15E1 /* Preview Assets.xcassets */,
			);
			path = "Preview Content";
			sourceTree = "<group>";
		};
		D88A40C5295F42EF00AC15E1 /* MEDLIFETests */ = {
			isa = PBXGroup;
			children = (
				D88A40C6295F42EF00AC15E1 /* MEDLIFETests.swift */,
			);
			path = MEDLIFETests;
			sourceTree = "<group>";
		};
		D88A40CF295F42F000AC15E1 /* MEDLIFEUITests */ = {
			isa = PBXGroup;
			children = (
				D88A40D0295F42F000AC15E1 /* MEDLIFEUITests.swift */,
				D88A40D2295F42F000AC15E1 /* MEDLIFEUITestsLaunchTests.swift */,
			);
			path = MEDLIFEUITests;
			sourceTree = "<group>";
		};
/* End PBXGroup section */

/* Begin PBXNativeTarget section */
		D88A40B1295F42EE00AC15E1 /* MEDLIFE */ = {
			isa = PBXNativeTarget;
			buildConfigurationList = D88A40D6295F42F000AC15E1 /* Build configuration list for PBXNativeTarget "MEDLIFE" */;
			buildPhases = (
				D88A40AE295F42EE00AC15E1 /* Sources */,
				D88A40AF295F42EE00AC15E1 /* Frameworks */,
				D88A40B0295F42EE00AC15E1 /* Resources */,
			);
			buildRules = (
			);
			dependencies = (
			);
			name = MEDLIFE;
			packageProductDependencies = (
				D85FC460296380C70095D663 /* FirebaseAnalytics */,
				D85FC462296380C70095D663 /* FirebaseAnalyticsOnDeviceConversion */,
				D85FC464296380C70095D663 /* FirebaseAnalyticsSwift */,
				D85FC466296380C70095D663 /* FirebaseAnalyticsWithoutAdIdSupport */,
				D85FC468296380C70095D663 /* FirebaseAppCheck */,
				D85FC46A296380C70095D663 /* FirebaseAuth */,
				D85FC46C296380C70095D663 /* FirebaseAuthCombine-Community */,
				D85FC46E296380C70095D663 /* FirebaseDatabase */,
				D85FC470296380C70095D663 /* FirebaseDatabaseSwift */,
				D85FC472296380C70095D663 /* FirebaseFirestore */,
				D85FC474296380C70095D663 /* FirebaseMessaging */,
				D85FC476296380C70095D663 /* FirebasePerformance */,
				D85FC478296380C70095D663 /* FirebaseStorage */,
				D85FC47A296380C70095D663 /* FirebaseStorageCombine-Community */,
			);
			productName = MEDLIFE;
			productReference = D88A40B2295F42EE00AC15E1 /* MEDLIFE.app */;
			productType = "com.apple.product-type.application";
		};
		D88A40C1295F42EF00AC15E1 /* MEDLIFETests */ = {
			isa = PBXNativeTarget;
			buildConfigurationList = D88A40D9295F42F000AC15E1 /* Build configuration list for PBXNativeTarget "MEDLIFETests" */;
			buildPhases = (
				D88A40BE295F42EF00AC15E1 /* Sources */,
				D88A40BF295F42EF00AC15E1 /* Frameworks */,
				D88A40C0295F42EF00AC15E1 /* Resources */,
			);
			buildRules = (
			);
			dependencies = (
				D88A40C4295F42EF00AC15E1 /* PBXTargetDependency */,
			);
			name = MEDLIFETests;
			productName = MEDLIFETests;
			productReference = D88A40C2295F42EF00AC15E1 /* MEDLIFETests.xctest */;
			productType = "com.apple.product-type.bundle.unit-test";
		};
		D88A40CB295F42F000AC15E1 /* MEDLIFEUITests */ = {
			isa = PBXNativeTarget;
			buildConfigurationList = D88A40DC295F42F000AC15E1 /* Build configuration list for PBXNativeTarget "MEDLIFEUITests" */;
			buildPhases = (
				D88A40C8295F42F000AC15E1 /* Sources */,
				D88A40C9295F42F000AC15E1 /* Frameworks */,
				D88A40CA295F42F000AC15E1 /* Resources */,
			);
			buildRules = (
			);
			dependencies = (
				D88A40CE295F42F000AC15E1 /* PBXTargetDependency */,
			);
			name = MEDLIFEUITests;
			productName = MEDLIFEUITests;
			productReference = D88A40CC295F42F000AC15E1 /* MEDLIFEUITests.xctest */;
			productType = "com.apple.product-type.bundle.ui-testing";
		};
/* End PBXNativeTarget section */

/* Begin PBXProject section */
		D88A40AA295F42EE00AC15E1 /* Project object */ = {
			isa = PBXProject;
			attributes = {
				BuildIndependentTargetsInParallel = 1;
				KnownAssetTags = (
					New,
				);
				LastSwiftUpdateCheck = 1420;
				LastUpgradeCheck = 1420;
				TargetAttributes = {
					D88A40B1295F42EE00AC15E1 = {
						CreatedOnToolsVersion = 14.2;
					};
					D88A40C1295F42EF00AC15E1 = {
						CreatedOnToolsVersion = 14.2;
						TestTargetID = D88A40B1295F42EE00AC15E1;
					};
					D88A40CB295F42F000AC15E1 = {
						CreatedOnToolsVersion = 14.2;
						TestTargetID = D88A40B1295F42EE00AC15E1;
					};
				};
			};
			buildConfigurationList = D88A40AD295F42EE00AC15E1 /* Build configuration list for PBXProject "MEDLIFE" */;
			compatibilityVersion = "Xcode 14.0";
			developmentRegion = en;
			hasScannedForEncodings = 0;
			knownRegions = (
				en,
				Base,
			);
			mainGroup = D88A40A9295F42EE00AC15E1;
			packageReferences = (
				D85FC45F296380C70095D663 /* XCRemoteSwiftPackageReference "firebase-ios-sdk" */,
			);
			productRefGroup = D88A40B3295F42EE00AC15E1 /* Products */;
			projectDirPath = "";
			projectRoot = "";
			targets = (
				D88A40B1295F42EE00AC15E1 /* MEDLIFE */,
				D88A40C1295F42EF00AC15E1 /* MEDLIFETests */,
				D88A40CB295F42F000AC15E1 /* MEDLIFEUITests */,
			);
		};
/* End PBXProject section */

/* Begin PBXResourcesBuildPhase section */
		D88A40B0295F42EE00AC15E1 /* Resources */ = {
			isa = PBXResourcesBuildPhase;
			buildActionMask = 2147483647;
			files = (
				D88A40BD295F42EF00AC15E1 /* Preview Assets.xcassets in Resources */,
				D88A40BA295F42EF00AC15E1 /* Assets.xcassets in Resources */,
				D8EFDA91296EC37E00452A57 /* GoogleService-Info.plist in Resources */,
			);
			runOnlyForDeploymentPostprocessing = 0;
		};
		D88A40C0295F42EF00AC15E1 /* Resources */ = {
			isa = PBXResourcesBuildPhase;
			buildActionMask = 2147483647;
			files = (
			);
			runOnlyForDeploymentPostprocessing = 0;
		};
		D88A40CA295F42F000AC15E1 /* Resources */ = {
			isa = PBXResourcesBuildPhase;
			buildActionMask = 2147483647;
			files = (
			);
			runOnlyForDeploymentPostprocessing = 0;
		};
/* End PBXResourcesBuildPhase section */

/* Begin PBXSourcesBuildPhase section */
		D88A40AE295F42EE00AC15E1 /* Sources */ = {
			isa = PBXSourcesBuildPhase;
			buildActionMask = 2147483647;
			files = (
				D88A767F29BC1BD300F48D0A /* SwiftUIView.swift in Sources */,
				D884E85D2972556E00EE1F10 /* ExecListComponetView.swift in Sources */,
				D89B8ED82976E55400A39F89 /* ModifyTaskView.swift in Sources */,
				D886A5592973F0D7007395A0 /* EventListComponentView.swift in Sources */,
				D89B8EDE2976F03100A39F89 /* PublishEventView.swift in Sources */,
				D84D49C829C8538200889294 /* FileStorage.swift in Sources */,
				D89B8ED62976DB7A00A39F89 /* ExecTaskComponentView.swift in Sources */,
				D8FF129A29DBA36D00F48466 /* ChangePasswordView.swift in Sources */,
				D88164D42969734A005E1974 /* ExecModel.swift in Sources */,
				D88164DC296B7B8F005E1974 /* ExecHomeView.swift in Sources */,
				D884E86129726EEB00EE1F10 /* TaskScrollView.swift in Sources */,
				D886A55B2973F0F7007395A0 /* EventModel.swift in Sources */,
				D8258F732971AE7C00D86113 /* ExecScrollView.swift in Sources */,
				D88A40B8295F42EE00AC15E1 /* ContentView.swift in Sources */,
				D88A40E0295F433600AC15E1 /* OpeningPage.swift in Sources */,
				D88A40B6295F42EE00AC15E1 /* MEDLIFEApp.swift in Sources */,
				D864338D2979D618006786B2 /* ExecCreationView.swift in Sources */,
				D8643391297A10E0006786B2 /* SettingsView.swift in Sources */,
				D89822402962B45E00AECC73 /* MemberLogin.swift in Sources */,
				D898223C2962AFED00AECC73 /* temp.swift in Sources */,
				D88A768229BD22A700F48D0A /* UploadPictureView.swift in Sources */,
				D89B8EDA2976E77200A39F89 /* ExecTaskScrollView.swift in Sources */,
				D88164DA296B7543005E1974 /* ExecEventView.swift in Sources */,
				D88164D62969748F005E1974 /* TaskModel.swift in Sources */,
				D884E85F2972658D00EE1F10 /* TaskListComponentView.swift in Sources */,
				D89B8ED42976B30300A39F89 /* CreateTaskView.swift in Sources */,
				D88164D82969752B005E1974 /* ReadViewModel.swift in Sources */,
				D84D49C629C7A80300889294 /* TaskProofView.swift in Sources */,
				D898223E2962B13700AECC73 /* ExecLogin.swift in Sources */,
			);
			runOnlyForDeploymentPostprocessing = 0;
		};
		D88A40BE295F42EF00AC15E1 /* Sources */ = {
			isa = PBXSourcesBuildPhase;
			buildActionMask = 2147483647;
			files = (
				D88A40C7295F42EF00AC15E1 /* MEDLIFETests.swift in Sources */,
			);
			runOnlyForDeploymentPostprocessing = 0;
		};
		D88A40C8295F42F000AC15E1 /* Sources */ = {
			isa = PBXSourcesBuildPhase;
			buildActionMask = 2147483647;
			files = (
				D88A40D1295F42F000AC15E1 /* MEDLIFEUITests.swift in Sources */,
				D88A40D3295F42F000AC15E1 /* MEDLIFEUITestsLaunchTests.swift in Sources */,
			);
			runOnlyForDeploymentPostprocessing = 0;
		};
/* End PBXSourcesBuildPhase section */

/* Begin PBXTargetDependency section */
		D88A40C4295F42EF00AC15E1 /* PBXTargetDependency */ = {
			isa = PBXTargetDependency;
			target = D88A40B1295F42EE00AC15E1 /* MEDLIFE */;
			targetProxy = D88A40C3295F42EF00AC15E1 /* PBXContainerItemProxy */;
		};
		D88A40CE295F42F000AC15E1 /* PBXTargetDependency */ = {
			isa = PBXTargetDependency;
			target = D88A40B1295F42EE00AC15E1 /* MEDLIFE */;
			targetProxy = D88A40CD295F42F000AC15E1 /* PBXContainerItemProxy */;
		};
/* End PBXTargetDependency section */

/* Begin XCBuildConfiguration section */
		D88A40D4295F42F000AC15E1 /* Debug */ = {
			isa = XCBuildConfiguration;
			buildSettings = {
				ALWAYS_SEARCH_USER_PATHS = NO;
				CLANG_ANALYZER_NONNULL = YES;
				CLANG_ANALYZER_NUMBER_OBJECT_CONVERSION = YES_AGGRESSIVE;
				CLANG_CXX_LANGUAGE_STANDARD = "gnu++20";
				CLANG_ENABLE_MODULES = YES;
				CLANG_ENABLE_OBJC_ARC = YES;
				CLANG_ENABLE_OBJC_WEAK = YES;
				CLANG_WARN_BLOCK_CAPTURE_AUTORELEASING = YES;
				CLANG_WARN_BOOL_CONVERSION = YES;
				CLANG_WARN_COMMA = YES;
				CLANG_WARN_CONSTANT_CONVERSION = YES;
				CLANG_WARN_DEPRECATED_OBJC_IMPLEMENTATIONS = YES;
				CLANG_WARN_DIRECT_OBJC_ISA_USAGE = YES_ERROR;
				CLANG_WARN_DOCUMENTATION_COMMENTS = YES;
				CLANG_WARN_EMPTY_BODY = YES;
				CLANG_WARN_ENUM_CONVERSION = YES;
				CLANG_WARN_INFINITE_RECURSION = YES;
				CLANG_WARN_INT_CONVERSION = YES;
				CLANG_WARN_NON_LITERAL_NULL_CONVERSION = YES;
				CLANG_WARN_OBJC_IMPLICIT_RETAIN_SELF = YES;
				CLANG_WARN_OBJC_LITERAL_CONVERSION = YES;
				CLANG_WARN_OBJC_ROOT_CLASS = YES_ERROR;
				CLANG_WARN_QUOTED_INCLUDE_IN_FRAMEWORK_HEADER = YES;
				CLANG_WARN_RANGE_LOOP_ANALYSIS = YES;
				CLANG_WARN_STRICT_PROTOTYPES = YES;
				CLANG_WARN_SUSPICIOUS_MOVE = YES;
				CLANG_WARN_UNGUARDED_AVAILABILITY = YES_AGGRESSIVE;
				CLANG_WARN_UNREACHABLE_CODE = YES;
				CLANG_WARN__DUPLICATE_METHOD_MATCH = YES;
				COPY_PHASE_STRIP = NO;
				DEBUG_INFORMATION_FORMAT = dwarf;
				ENABLE_STRICT_OBJC_MSGSEND = YES;
				ENABLE_TESTABILITY = YES;
				GCC_C_LANGUAGE_STANDARD = gnu11;
				GCC_DYNAMIC_NO_PIC = NO;
				GCC_NO_COMMON_BLOCKS = YES;
				GCC_OPTIMIZATION_LEVEL = 0;
				GCC_PREPROCESSOR_DEFINITIONS = (
					"DEBUG=1",
					"$(inherited)",
				);
				GCC_WARN_64_TO_32_BIT_CONVERSION = YES;
				GCC_WARN_ABOUT_RETURN_TYPE = YES_ERROR;
				GCC_WARN_UNDECLARED_SELECTOR = YES;
				GCC_WARN_UNINITIALIZED_AUTOS = YES_AGGRESSIVE;
				GCC_WARN_UNUSED_FUNCTION = YES;
				GCC_WARN_UNUSED_VARIABLE = YES;
				IPHONEOS_DEPLOYMENT_TARGET = 16.2;
				MTL_ENABLE_DEBUG_INFO = INCLUDE_SOURCE;
				MTL_FAST_MATH = YES;
				ONLY_ACTIVE_ARCH = YES;
				SDKROOT = iphoneos;
				SWIFT_ACTIVE_COMPILATION_CONDITIONS = DEBUG;
				SWIFT_OPTIMIZATION_LEVEL = "-Onone";
			};
			name = Debug;
		};
		D88A40D5295F42F000AC15E1 /* Release */ = {
			isa = XCBuildConfiguration;
			buildSettings = {
				ALWAYS_SEARCH_USER_PATHS = NO;
				CLANG_ANALYZER_NONNULL = YES;
				CLANG_ANALYZER_NUMBER_OBJECT_CONVERSION = YES_AGGRESSIVE;
				CLANG_CXX_LANGUAGE_STANDARD = "gnu++20";
				CLANG_ENABLE_MODULES = YES;
				CLANG_ENABLE_OBJC_ARC = YES;
				CLANG_ENABLE_OBJC_WEAK = YES;
				CLANG_WARN_BLOCK_CAPTURE_AUTORELEASING = YES;
				CLANG_WARN_BOOL_CONVERSION = YES;
				CLANG_WARN_COMMA = YES;
				CLANG_WARN_CONSTANT_CONVERSION = YES;
				CLANG_WARN_DEPRECATED_OBJC_IMPLEMENTATIONS = YES;
				CLANG_WARN_DIRECT_OBJC_ISA_USAGE = YES_ERROR;
				CLANG_WARN_DOCUMENTATION_COMMENTS = YES;
				CLANG_WARN_EMPTY_BODY = YES;
				CLANG_WARN_ENUM_CONVERSION = YES;
				CLANG_WARN_INFINITE_RECURSION = YES;
				CLANG_WARN_INT_CONVERSION = YES;
				CLANG_WARN_NON_LITERAL_NULL_CONVERSION = YES;
				CLANG_WARN_OBJC_IMPLICIT_RETAIN_SELF = YES;
				CLANG_WARN_OBJC_LITERAL_CONVERSION = YES;
				CLANG_WARN_OBJC_ROOT_CLASS = YES_ERROR;
				CLANG_WARN_QUOTED_INCLUDE_IN_FRAMEWORK_HEADER = YES;
				CLANG_WARN_RANGE_LOOP_ANALYSIS = YES;
				CLANG_WARN_STRICT_PROTOTYPES = YES;
				CLANG_WARN_SUSPICIOUS_MOVE = YES;
				CLANG_WARN_UNGUARDED_AVAILABILITY = YES_AGGRESSIVE;
				CLANG_WARN_UNREACHABLE_CODE = YES;
				CLANG_WARN__DUPLICATE_METHOD_MATCH = YES;
				COPY_PHASE_STRIP = NO;
				DEBUG_INFORMATION_FORMAT = "dwarf-with-dsym";
				ENABLE_NS_ASSERTIONS = NO;
				ENABLE_STRICT_OBJC_MSGSEND = YES;
				GCC_C_LANGUAGE_STANDARD = gnu11;
				GCC_NO_COMMON_BLOCKS = YES;
				GCC_WARN_64_TO_32_BIT_CONVERSION = YES;
				GCC_WARN_ABOUT_RETURN_TYPE = YES_ERROR;
				GCC_WARN_UNDECLARED_SELECTOR = YES;
				GCC_WARN_UNINITIALIZED_AUTOS = YES_AGGRESSIVE;
				GCC_WARN_UNUSED_FUNCTION = YES;
				GCC_WARN_UNUSED_VARIABLE = YES;
				IPHONEOS_DEPLOYMENT_TARGET = 16.2;
				MTL_ENABLE_DEBUG_INFO = NO;
				MTL_FAST_MATH = YES;
				SDKROOT = iphoneos;
				SWIFT_COMPILATION_MODE = wholemodule;
				SWIFT_OPTIMIZATION_LEVEL = "-O";
				VALIDATE_PRODUCT = YES;
			};
			name = Release;
		};
		D88A40D7295F42F000AC15E1 /* Debug */ = {
			isa = XCBuildConfiguration;
			buildSettings = {
				ASSETCATALOG_COMPILER_APPICON_NAME = AppIcon;
				ASSETCATALOG_COMPILER_GLOBAL_ACCENT_COLOR_NAME = AccentColor;
				CODE_SIGN_STYLE = Automatic;
				CURRENT_PROJECT_VERSION = 1;
				DEVELOPMENT_ASSET_PATHS = "\"MEDLIFE/Preview Content\"";
				ENABLE_PREVIEWS = YES;
				GENERATE_INFOPLIST_FILE = YES;
				INFOPLIST_KEY_CFBundleDisplayName = MEDLIFE_UTSC;
				INFOPLIST_KEY_UIApplicationSceneManifest_Generation = YES;
				INFOPLIST_KEY_UIApplicationSupportsIndirectInputEvents = YES;
				INFOPLIST_KEY_UILaunchScreen_Generation = YES;
				INFOPLIST_KEY_UISupportedInterfaceOrientations_iPad = "UIInterfaceOrientationPortrait UIInterfaceOrientationPortraitUpsideDown UIInterfaceOrientationLandscapeLeft UIInterfaceOrientationLandscapeRight";
				INFOPLIST_KEY_UISupportedInterfaceOrientations_iPhone = "UIInterfaceOrientationPortrait UIInterfaceOrientationLandscapeLeft UIInterfaceOrientationLandscapeRight";
				LD_RUNPATH_SEARCH_PATHS = (
					"$(inherited)",
					"@executable_path/Frameworks",
				);
				MARKETING_VERSION = 1.0;
				PRODUCT_BUNDLE_IDENTIFIER = studentOrg.MEDLIFE;
				PRODUCT_NAME = "$(TARGET_NAME)";
				SWIFT_EMIT_LOC_STRINGS = YES;
				SWIFT_VERSION = 5.0;
				TARGETED_DEVICE_FAMILY = "1,2";
			};
			name = Debug;
		};
		D88A40D8295F42F000AC15E1 /* Release */ = {
			isa = XCBuildConfiguration;
			buildSettings = {
				ASSETCATALOG_COMPILER_APPICON_NAME = AppIcon;
				ASSETCATALOG_COMPILER_GLOBAL_ACCENT_COLOR_NAME = AccentColor;
				CODE_SIGN_STYLE = Automatic;
				CURRENT_PROJECT_VERSION = 1;
				DEVELOPMENT_ASSET_PATHS = "\"MEDLIFE/Preview Content\"";
				ENABLE_PREVIEWS = YES;
				GENERATE_INFOPLIST_FILE = YES;
				INFOPLIST_KEY_CFBundleDisplayName = MEDLIFE_UTSC;
				INFOPLIST_KEY_UIApplicationSceneManifest_Generation = YES;
				INFOPLIST_KEY_UIApplicationSupportsIndirectInputEvents = YES;
				INFOPLIST_KEY_UILaunchScreen_Generation = YES;
				INFOPLIST_KEY_UISupportedInterfaceOrientations_iPad = "UIInterfaceOrientationPortrait UIInterfaceOrientationPortraitUpsideDown UIInterfaceOrientationLandscapeLeft UIInterfaceOrientationLandscapeRight";
				INFOPLIST_KEY_UISupportedInterfaceOrientations_iPhone = "UIInterfaceOrientationPortrait UIInterfaceOrientationLandscapeLeft UIInterfaceOrientationLandscapeRight";
				LD_RUNPATH_SEARCH_PATHS = (
					"$(inherited)",
					"@executable_path/Frameworks",
				);
				MARKETING_VERSION = 1.0;
				PRODUCT_BUNDLE_IDENTIFIER = studentOrg.MEDLIFE;
				PRODUCT_NAME = "$(TARGET_NAME)";
				SWIFT_EMIT_LOC_STRINGS = YES;
				SWIFT_VERSION = 5.0;
				TARGETED_DEVICE_FAMILY = "1,2";
			};
			name = Release;
		};
		D88A40DA295F42F000AC15E1 /* Debug */ = {
			isa = XCBuildConfiguration;
			buildSettings = {
				ALWAYS_EMBED_SWIFT_STANDARD_LIBRARIES = YES;
				BUNDLE_LOADER = "$(TEST_HOST)";
				CODE_SIGN_STYLE = Automatic;
				CURRENT_PROJECT_VERSION = 1;
				GENERATE_INFOPLIST_FILE = YES;
				IPHONEOS_DEPLOYMENT_TARGET = 16.2;
				MARKETING_VERSION = 1.0;
				PRODUCT_BUNDLE_IDENTIFIER = studentOrg.MEDLIFETests;
				PRODUCT_NAME = "$(TARGET_NAME)";
				SWIFT_EMIT_LOC_STRINGS = NO;
				SWIFT_VERSION = 5.0;
				TARGETED_DEVICE_FAMILY = "1,2";
				TEST_HOST = "$(BUILT_PRODUCTS_DIR)/MEDLIFE.app/$(BUNDLE_EXECUTABLE_FOLDER_PATH)/MEDLIFE";
			};
			name = Debug;
		};
		D88A40DB295F42F000AC15E1 /* Release */ = {
			isa = XCBuildConfiguration;
			buildSettings = {
				ALWAYS_EMBED_SWIFT_STANDARD_LIBRARIES = YES;
				BUNDLE_LOADER = "$(TEST_HOST)";
				CODE_SIGN_STYLE = Automatic;
				CURRENT_PROJECT_VERSION = 1;
				GENERATE_INFOPLIST_FILE = YES;
				IPHONEOS_DEPLOYMENT_TARGET = 16.2;
				MARKETING_VERSION = 1.0;
				PRODUCT_BUNDLE_IDENTIFIER = studentOrg.MEDLIFETests;
				PRODUCT_NAME = "$(TARGET_NAME)";
				SWIFT_EMIT_LOC_STRINGS = NO;
				SWIFT_VERSION = 5.0;
				TARGETED_DEVICE_FAMILY = "1,2";
				TEST_HOST = "$(BUILT_PRODUCTS_DIR)/MEDLIFE.app/$(BUNDLE_EXECUTABLE_FOLDER_PATH)/MEDLIFE";
			};
			name = Release;
		};
		D88A40DD295F42F000AC15E1 /* Debug */ = {
			isa = XCBuildConfiguration;
			buildSettings = {
				ALWAYS_EMBED_SWIFT_STANDARD_LIBRARIES = YES;
				CODE_SIGN_STYLE = Automatic;
				CURRENT_PROJECT_VERSION = 1;
				GENERATE_INFOPLIST_FILE = YES;
				MARKETING_VERSION = 1.0;
				PRODUCT_BUNDLE_IDENTIFIER = studentOrg.MEDLIFEUITests;
				PRODUCT_NAME = "$(TARGET_NAME)";
				SWIFT_EMIT_LOC_STRINGS = NO;
				SWIFT_VERSION = 5.0;
				TARGETED_DEVICE_FAMILY = "1,2";
				TEST_TARGET_NAME = MEDLIFE;
			};
			name = Debug;
		};
		D88A40DE295F42F000AC15E1 /* Release */ = {
			isa = XCBuildConfiguration;
			buildSettings = {
				ALWAYS_EMBED_SWIFT_STANDARD_LIBRARIES = YES;
				CODE_SIGN_STYLE = Automatic;
				CURRENT_PROJECT_VERSION = 1;
				GENERATE_INFOPLIST_FILE = YES;
				MARKETING_VERSION = 1.0;
				PRODUCT_BUNDLE_IDENTIFIER = studentOrg.MEDLIFEUITests;
				PRODUCT_NAME = "$(TARGET_NAME)";
				SWIFT_EMIT_LOC_STRINGS = NO;
				SWIFT_VERSION = 5.0;
				TARGETED_DEVICE_FAMILY = "1,2";
				TEST_TARGET_NAME = MEDLIFE;
			};
			name = Release;
		};
/* End XCBuildConfiguration section */

/* Begin XCConfigurationList section */
		D88A40AD295F42EE00AC15E1 /* Build configuration list for PBXProject "MEDLIFE" */ = {
			isa = XCConfigurationList;
			buildConfigurations = (
				D88A40D4295F42F000AC15E1 /* Debug */,
				D88A40D5295F42F000AC15E1 /* Release */,
			);
			defaultConfigurationIsVisible = 0;
			defaultConfigurationName = Release;
		};
		D88A40D6295F42F000AC15E1 /* Build configuration list for PBXNativeTarget "MEDLIFE" */ = {
			isa = XCConfigurationList;
			buildConfigurations = (
				D88A40D7295F42F000AC15E1 /* Debug */,
				D88A40D8295F42F000AC15E1 /* Release */,
			);
			defaultConfigurationIsVisible = 0;
			defaultConfigurationName = Release;
		};
		D88A40D9295F42F000AC15E1 /* Build configuration list for PBXNativeTarget "MEDLIFETests" */ = {
			isa = XCConfigurationList;
			buildConfigurations = (
				D88A40DA295F42F000AC15E1 /* Debug */,
				D88A40DB295F42F000AC15E1 /* Release */,
			);
			defaultConfigurationIsVisible = 0;
			defaultConfigurationName = Release;
		};
		D88A40DC295F42F000AC15E1 /* Build configuration list for PBXNativeTarget "MEDLIFEUITests" */ = {
			isa = XCConfigurationList;
			buildConfigurations = (
				D88A40DD295F42F000AC15E1 /* Debug */,
				D88A40DE295F42F000AC15E1 /* Release */,
			);
			defaultConfigurationIsVisible = 0;
			defaultConfigurationName = Release;
		};
/* End XCConfigurationList section */

/* Begin XCRemoteSwiftPackageReference section */
		D85FC45F296380C70095D663 /* XCRemoteSwiftPackageReference "firebase-ios-sdk" */ = {
			isa = XCRemoteSwiftPackageReference;
			repositoryURL = "https://github.com/firebase/firebase-ios-sdk";
			requirement = {
				kind = exactVersion;
				version = 9.6.0;
			};
		};
/* End XCRemoteSwiftPackageReference section */

/* Begin XCSwiftPackageProductDependency section */
		D85FC460296380C70095D663 /* FirebaseAnalytics */ = {
			isa = XCSwiftPackageProductDependency;
			package = D85FC45F296380C70095D663 /* XCRemoteSwiftPackageReference "firebase-ios-sdk" */;
			productName = FirebaseAnalytics;
		};
		D85FC462296380C70095D663 /* FirebaseAnalyticsOnDeviceConversion */ = {
			isa = XCSwiftPackageProductDependency;
			package = D85FC45F296380C70095D663 /* XCRemoteSwiftPackageReference "firebase-ios-sdk" */;
			productName = FirebaseAnalyticsOnDeviceConversion;
		};
		D85FC464296380C70095D663 /* FirebaseAnalyticsSwift */ = {
			isa = XCSwiftPackageProductDependency;
			package = D85FC45F296380C70095D663 /* XCRemoteSwiftPackageReference "firebase-ios-sdk" */;
			productName = FirebaseAnalyticsSwift;
		};
		D85FC466296380C70095D663 /* FirebaseAnalyticsWithoutAdIdSupport */ = {
			isa = XCSwiftPackageProductDependency;
			package = D85FC45F296380C70095D663 /* XCRemoteSwiftPackageReference "firebase-ios-sdk" */;
			productName = FirebaseAnalyticsWithoutAdIdSupport;
		};
		D85FC468296380C70095D663 /* FirebaseAppCheck */ = {
			isa = XCSwiftPackageProductDependency;
			package = D85FC45F296380C70095D663 /* XCRemoteSwiftPackageReference "firebase-ios-sdk" */;
			productName = FirebaseAppCheck;
		};
		D85FC46A296380C70095D663 /* FirebaseAuth */ = {
			isa = XCSwiftPackageProductDependency;
			package = D85FC45F296380C70095D663 /* XCRemoteSwiftPackageReference "firebase-ios-sdk" */;
			productName = FirebaseAuth;
		};
		D85FC46C296380C70095D663 /* FirebaseAuthCombine-Community */ = {
			isa = XCSwiftPackageProductDependency;
			package = D85FC45F296380C70095D663 /* XCRemoteSwiftPackageReference "firebase-ios-sdk" */;
			productName = "FirebaseAuthCombine-Community";
		};
		D85FC46E296380C70095D663 /* FirebaseDatabase */ = {
			isa = XCSwiftPackageProductDependency;
			package = D85FC45F296380C70095D663 /* XCRemoteSwiftPackageReference "firebase-ios-sdk" */;
			productName = FirebaseDatabase;
		};
		D85FC470296380C70095D663 /* FirebaseDatabaseSwift */ = {
			isa = XCSwiftPackageProductDependency;
			package = D85FC45F296380C70095D663 /* XCRemoteSwiftPackageReference "firebase-ios-sdk" */;
			productName = FirebaseDatabaseSwift;
		};
		D85FC472296380C70095D663 /* FirebaseFirestore */ = {
			isa = XCSwiftPackageProductDependency;
			package = D85FC45F296380C70095D663 /* XCRemoteSwiftPackageReference "firebase-ios-sdk" */;
			productName = FirebaseFirestore;
		};
		D85FC474296380C70095D663 /* FirebaseMessaging */ = {
			isa = XCSwiftPackageProductDependency;
			package = D85FC45F296380C70095D663 /* XCRemoteSwiftPackageReference "firebase-ios-sdk" */;
			productName = FirebaseMessaging;
		};
		D85FC476296380C70095D663 /* FirebasePerformance */ = {
			isa = XCSwiftPackageProductDependency;
			package = D85FC45F296380C70095D663 /* XCRemoteSwiftPackageReference "firebase-ios-sdk" */;
			productName = FirebasePerformance;
		};
		D85FC478296380C70095D663 /* FirebaseStorage */ = {
			isa = XCSwiftPackageProductDependency;
			package = D85FC45F296380C70095D663 /* XCRemoteSwiftPackageReference "firebase-ios-sdk" */;
			productName = FirebaseStorage;
		};
		D85FC47A296380C70095D663 /* FirebaseStorageCombine-Community */ = {
			isa = XCSwiftPackageProductDependency;
			package = D85FC45F296380C70095D663 /* XCRemoteSwiftPackageReference "firebase-ios-sdk" */;
			productName = "FirebaseStorageCombine-Community";
		};
/* End XCSwiftPackageProductDependency section */
	};
	rootObject = D88A40AA295F42EE00AC15E1 /* Project object */;
}
